
Microsoft Visual Studio Solution File, Format Version 12.00
# Visual Studio Version 17
VisualStudioVersion = 17.1.32228.430
MinimumVisualStudioVersion = 10.0.40219.1
Project("{9A19103F-16F7-4668-BE54-9A1E7A4F7556}") = "DynamicKeyword", "DynamicKeyword\DynamicKeyword.csproj", "{1E83FC4D-D2FF-4F7E-AE68-3E6BC8B004F7}"
EndProject
Project("{FAE04EC0-301F-11D3-BF4B-00C04F79EFBC}") = "LateBindingWithDynamic", "LateBindingWithDynamic\LateBindingWithDynamic.csproj", "{9DAE9AF1-F6D1-49BD-AB7D-BFE842501B8D}"
EndProject
Project("{FAE04EC0-301F-11D3-BF4B-00C04F79EFBC}") = "MathLibrary", "MathLibrary\MathLibrary.csproj", "{095E7FE8-493E-47E8-B301-8F442D7A31A1}"
EndProject
Global
	GlobalSection(SolutionConfigurationPlatforms) = preSolution
		Debug|Any CPU = Debug|Any CPU
		Release|Any CPU = Release|Any CPU
	EndGlobalSection
	GlobalSection(ProjectConfigurationPlatforms) = postSolution
		{1E83FC4D-D2FF-4F7E-AE68-3E6BC8B004F7}.Debug|Any CPU.ActiveCfg = Debug|Any CPU
		{1E83FC4D-D2FF-4F7E-AE68-3E6BC8B004F7}.Debug|Any CPU.Build.0 = Debug|Any CPU
		{1E83FC4D-D2FF-4F7E-AE68-3E6BC8B004F7}.Release|Any CPU.ActiveCfg = Release|Any CPU
		{1E83FC4D-D2FF-4F7E-AE68-3E6BC8B004F7}.Release|Any CPU.Build.0 = Release|Any CPU
		{9DAE9AF1-F6D1-49BD-AB7D-BFE842501B8D}.Debug|Any CPU.ActiveCfg = Debug|Any CPU
		{9DAE9AF1-F6D1-49BD-AB7D-BFE842501B8D}.Debug|Any CPU.Build.0 = Debug|Any CPU
		{9DAE9AF1-F6D1-49BD-AB7D-BFE842501B8D}.Release|Any CPU.ActiveCfg = Release|Any CPU
		{9DAE9AF1-F6D1-49BD-AB7D-BFE842501B8D}.Release|Any CPU.Build.0 = Release|Any CPU
		{095E7FE8-493E-47E8-B301-8F442D7A31A1}.Debug|Any CPU.ActiveCfg = Debug|Any CPU
		{095E7FE8-493E-47E8-B301-8F442D7A31A1}.Debug|Any CPU.Build.0 = Debug|Any CPU
		{095E7FE8-493E-47E8-B301-8F442D7A31A1}.Release|Any CPU.ActiveCfg = Release|Any CPU
		{095E7FE8-493E-47E8-B301-8F442D7A31A1}.Release|Any CPU.Build.0 = Release|Any CPU
	EndGlobalSection
	GlobalSection(SolutionProperties) = preSolution
		HideSolutionNode = FALSE
	EndGlobalSection
	GlobalSection(ExtensibilityGlobals) = postSolution
		SolutionGuid = {48E56B60-1AB0-430F-BD2C-336FDDC9BAA0}
	EndGlobalSection
EndGlobal
