
Microsoft Visual Studio Solution File, Format Version 12.00
# Visual Studio Version 17
VisualStudioVersion = 17.1.32228.430
MinimumVisualStudioVersion = 10.0.40219.1
Project("{9A19103F-16F7-4668-BE54-9A1E7A4F7556}") = "VisualLayoutTester", "VisualLayoutTester\VisualLayoutTester.csproj", "{4CA26DA2-0785-464A-94A5-2A6ACB5043EC}"
EndProject
Project("{9A19103F-16F7-4668-BE54-9A1E7A4F7556}") = "MyWordPad", "MyWordPad\MyWordPad.csproj", "{6D900A57-8CE3-45C4-8F6A-69F0345DE92F}"
EndProject
Project("{9A19103F-16F7-4668-BE54-9A1E7A4F7556}") = "WpfRoutedEvents", "WpfRoutedEvents\WpfRoutedEvents.csproj", "{8B897EA5-A2CE-4108-BC1E-64E7D7D9B4A9}"
EndProject
Project("{9A19103F-16F7-4668-BE54-9A1E7A4F7556}") = "WpfControlsAndAPIs", "WpfControlsAndAPIs\WpfControlsAndAPIs.csproj", "{187ACEA6-70F7-4AF6-89E1-0500FF5DDF13}"
EndProject
Project("{9A19103F-16F7-4668-BE54-9A1E7A4F7556}") = "AutoLot.Dal", "..\..\CH 23\Chapter23_AllProject\AutoLot.Dal\AutoLot.Dal.csproj", "{B9F86F84-5B72-4BEA-BE03-34AF28207D1E}"
EndProject
Project("{9A19103F-16F7-4668-BE54-9A1E7A4F7556}") = "AutoLot.Models", "..\..\CH 23\Chapter23_AllProject\AutoLot.Models\AutoLot.Models.csproj", "{59C1ED27-F687-49B4-9587-27C1F72B9C2C}"
EndProject
Project("{FAE04EC0-301F-11D3-BF4B-00C04F79EFBC}") = "CustomDependencyProperty", "CustomDependencyProperty\CustomDependencyProperty.csproj", "{12807193-2235-4B09-8D57-8B641082014B}"
EndProject
Global
	GlobalSection(SolutionConfigurationPlatforms) = preSolution
		Debug|Any CPU = Debug|Any CPU
		Release|Any CPU = Release|Any CPU
	EndGlobalSection
	GlobalSection(ProjectConfigurationPlatforms) = postSolution
		{4CA26DA2-0785-464A-94A5-2A6ACB5043EC}.Debug|Any CPU.ActiveCfg = Debug|Any CPU
		{4CA26DA2-0785-464A-94A5-2A6ACB5043EC}.Debug|Any CPU.Build.0 = Debug|Any CPU
		{4CA26DA2-0785-464A-94A5-2A6ACB5043EC}.Release|Any CPU.ActiveCfg = Release|Any CPU
		{4CA26DA2-0785-464A-94A5-2A6ACB5043EC}.Release|Any CPU.Build.0 = Release|Any CPU
		{6D900A57-8CE3-45C4-8F6A-69F0345DE92F}.Debug|Any CPU.ActiveCfg = Debug|Any CPU
		{6D900A57-8CE3-45C4-8F6A-69F0345DE92F}.Debug|Any CPU.Build.0 = Debug|Any CPU
		{6D900A57-8CE3-45C4-8F6A-69F0345DE92F}.Release|Any CPU.ActiveCfg = Release|Any CPU
		{6D900A57-8CE3-45C4-8F6A-69F0345DE92F}.Release|Any CPU.Build.0 = Release|Any CPU
		{8B897EA5-A2CE-4108-BC1E-64E7D7D9B4A9}.Debug|Any CPU.ActiveCfg = Debug|Any CPU
		{8B897EA5-A2CE-4108-BC1E-64E7D7D9B4A9}.Debug|Any CPU.Build.0 = Debug|Any CPU
		{8B897EA5-A2CE-4108-BC1E-64E7D7D9B4A9}.Release|Any CPU.ActiveCfg = Release|Any CPU
		{8B897EA5-A2CE-4108-BC1E-64E7D7D9B4A9}.Release|Any CPU.Build.0 = Release|Any CPU
		{187ACEA6-70F7-4AF6-89E1-0500FF5DDF13}.Debug|Any CPU.ActiveCfg = Debug|Any CPU
		{187ACEA6-70F7-4AF6-89E1-0500FF5DDF13}.Debug|Any CPU.Build.0 = Debug|Any CPU
		{187ACEA6-70F7-4AF6-89E1-0500FF5DDF13}.Release|Any CPU.ActiveCfg = Release|Any CPU
		{187ACEA6-70F7-4AF6-89E1-0500FF5DDF13}.Release|Any CPU.Build.0 = Release|Any CPU
		{B9F86F84-5B72-4BEA-BE03-34AF28207D1E}.Debug|Any CPU.ActiveCfg = Debug|Any CPU
		{B9F86F84-5B72-4BEA-BE03-34AF28207D1E}.Debug|Any CPU.Build.0 = Debug|Any CPU
		{B9F86F84-5B72-4BEA-BE03-34AF28207D1E}.Release|Any CPU.ActiveCfg = Release|Any CPU
		{B9F86F84-5B72-4BEA-BE03-34AF28207D1E}.Release|Any CPU.Build.0 = Release|Any CPU
		{59C1ED27-F687-49B4-9587-27C1F72B9C2C}.Debug|Any CPU.ActiveCfg = Debug|Any CPU
		{59C1ED27-F687-49B4-9587-27C1F72B9C2C}.Debug|Any CPU.Build.0 = Debug|Any CPU
		{59C1ED27-F687-49B4-9587-27C1F72B9C2C}.Release|Any CPU.ActiveCfg = Release|Any CPU
		{59C1ED27-F687-49B4-9587-27C1F72B9C2C}.Release|Any CPU.Build.0 = Release|Any CPU
		{12807193-2235-4B09-8D57-8B641082014B}.Debug|Any CPU.ActiveCfg = Debug|Any CPU
		{12807193-2235-4B09-8D57-8B641082014B}.Debug|Any CPU.Build.0 = Debug|Any CPU
		{12807193-2235-4B09-8D57-8B641082014B}.Release|Any CPU.ActiveCfg = Release|Any CPU
		{12807193-2235-4B09-8D57-8B641082014B}.Release|Any CPU.Build.0 = Release|Any CPU
	EndGlobalSection
	GlobalSection(SolutionProperties) = preSolution
		HideSolutionNode = FALSE
	EndGlobalSection
	GlobalSection(ExtensibilityGlobals) = postSolution
		SolutionGuid = {AD198A57-B5F7-4C4B-8B81-3434A5CD1B59}
	EndGlobalSection
EndGlobal
