
Microsoft Visual Studio Solution File, Format Version 12.00
# Visual Studio Version 17
VisualStudioVersion = 17.1.32228.430
MinimumVisualStudioVersion = 10.0.40219.1
Project("{9A19103F-16F7-4668-BE54-9A1E7A4F7556}") = "CustomNamespaces", "CustomNamespaces\CustomNamespaces.csproj", "{909391EF-101A-4559-8303-7363FA653E0E}"
EndProject
Project("{9A19103F-16F7-4668-BE54-9A1E7A4F7556}") = "FunWithConfiguration", "FunWithConfiguration\FunWithConfiguration.csproj", "{99B170D6-9FD6-42F0-9862-BCDFBA615348}"
EndProject
Project("{9A19103F-16F7-4668-BE54-9A1E7A4F7556}") = "CarLibrary", "CarLibrary\CarLibrary.csproj", "{F3EC4FC9-0981-416E-9470-4FF7FEC08620}"
EndProject
Project("{FAE04EC0-301F-11D3-BF4B-00C04F79EFBC}") = "CSharpCarClient", "CSharpCarClient\CSharpCarClient.csproj", "{0B6E13E0-F3FA-42AA-BE94-21B5869565C0}"
EndProject
Global
	GlobalSection(SolutionConfigurationPlatforms) = preSolution
		Debug|Any CPU = Debug|Any CPU
		Release|Any CPU = Release|Any CPU
	EndGlobalSection
	GlobalSection(ProjectConfigurationPlatforms) = postSolution
		{909391EF-101A-4559-8303-7363FA653E0E}.Debug|Any CPU.ActiveCfg = Debug|Any CPU
		{909391EF-101A-4559-8303-7363FA653E0E}.Debug|Any CPU.Build.0 = Debug|Any CPU
		{909391EF-101A-4559-8303-7363FA653E0E}.Release|Any CPU.ActiveCfg = Release|Any CPU
		{909391EF-101A-4559-8303-7363FA653E0E}.Release|Any CPU.Build.0 = Release|Any CPU
		{99B170D6-9FD6-42F0-9862-BCDFBA615348}.Debug|Any CPU.ActiveCfg = Debug|Any CPU
		{99B170D6-9FD6-42F0-9862-BCDFBA615348}.Debug|Any CPU.Build.0 = Debug|Any CPU
		{99B170D6-9FD6-42F0-9862-BCDFBA615348}.Release|Any CPU.ActiveCfg = Release|Any CPU
		{99B170D6-9FD6-42F0-9862-BCDFBA615348}.Release|Any CPU.Build.0 = Release|Any CPU
		{F3EC4FC9-0981-416E-9470-4FF7FEC08620}.Debug|Any CPU.ActiveCfg = Debug|Any CPU
		{F3EC4FC9-0981-416E-9470-4FF7FEC08620}.Debug|Any CPU.Build.0 = Debug|Any CPU
		{F3EC4FC9-0981-416E-9470-4FF7FEC08620}.Release|Any CPU.ActiveCfg = Release|Any CPU
		{F3EC4FC9-0981-416E-9470-4FF7FEC08620}.Release|Any CPU.Build.0 = Release|Any CPU
		{0B6E13E0-F3FA-42AA-BE94-21B5869565C0}.Debug|Any CPU.ActiveCfg = Debug|Any CPU
		{0B6E13E0-F3FA-42AA-BE94-21B5869565C0}.Debug|Any CPU.Build.0 = Debug|Any CPU
		{0B6E13E0-F3FA-42AA-BE94-21B5869565C0}.Release|Any CPU.ActiveCfg = Release|Any CPU
		{0B6E13E0-F3FA-42AA-BE94-21B5869565C0}.Release|Any CPU.Build.0 = Release|Any CPU
	EndGlobalSection
	GlobalSection(SolutionProperties) = preSolution
		HideSolutionNode = FALSE
	EndGlobalSection
	GlobalSection(ExtensibilityGlobals) = postSolution
		SolutionGuid = {3F925CD6-19A4-4F7A-BC0D-89DCA386DFCA}
	EndGlobalSection
EndGlobal
