
Microsoft Visual Studio Solution File, Format Version 12.00
# Visual Studio Version 17
VisualStudioVersion = 17.1.32228.430
MinimumVisualStudioVersion = 10.0.40219.1
Project("{9A19103F-16F7-4668-BE54-9A1E7A4F7556}") = "BinaryResourcesApp", "BinaryResourcesApp\BinaryResourcesApp.csproj", "{462AE498-6653-444D-A7BC-92BAEAFE9FE2}"
EndProject
Project("{9A19103F-16F7-4668-BE54-9A1E7A4F7556}") = "ObjectResourcesApp", "ObjectResourcesApp\ObjectResourcesApp.csproj", "{0DBD613F-F7D9-4A1A-9949-B675E50E754C}"
EndProject
Project("{9A19103F-16F7-4668-BE54-9A1E7A4F7556}") = "MyBrushesLibrary", "MyBrushesLibrary\MyBrushesLibrary.csproj", "{02BBA98F-6ABA-45C9-A32F-3C07F938CF98}"
EndProject
Project("{FAE04EC0-301F-11D3-BF4B-00C04F79EFBC}") = "SpinningButtonAnimationApp", "SpinningButtonAnimationApp\SpinningButtonAnimationApp.csproj", "{EB66F982-FCC4-4CBF-A3B2-73D35E972D1B}"
EndProject
Project("{FAE04EC0-301F-11D3-BF4B-00C04F79EFBC}") = "WpfStyles", "WpfStyles\WpfStyles.csproj", "{55FA7BC7-8C66-4FE6-9DAB-E897992DA8FA}"
EndProject
Project("{FAE04EC0-301F-11D3-BF4B-00C04F79EFBC}") = "TreesAndTemplatesApp", "TreesAndTemplatesApp\TreesAndTemplatesApp.csproj", "{677A18AC-0262-45FC-98F4-23BE0A389032}"
EndProject
Project("{FAE04EC0-301F-11D3-BF4B-00C04F79EFBC}") = "ButtonTemplate", "ButtonTemplate\ButtonTemplate.csproj", "{90834E31-B24C-4EAB-AD1C-5EDCC8D6A534}"
EndProject
Global
	GlobalSection(SolutionConfigurationPlatforms) = preSolution
		Debug|Any CPU = Debug|Any CPU
		Release|Any CPU = Release|Any CPU
	EndGlobalSection
	GlobalSection(ProjectConfigurationPlatforms) = postSolution
		{462AE498-6653-444D-A7BC-92BAEAFE9FE2}.Debug|Any CPU.ActiveCfg = Debug|Any CPU
		{462AE498-6653-444D-A7BC-92BAEAFE9FE2}.Debug|Any CPU.Build.0 = Debug|Any CPU
		{462AE498-6653-444D-A7BC-92BAEAFE9FE2}.Release|Any CPU.ActiveCfg = Release|Any CPU
		{462AE498-6653-444D-A7BC-92BAEAFE9FE2}.Release|Any CPU.Build.0 = Release|Any CPU
		{0DBD613F-F7D9-4A1A-9949-B675E50E754C}.Debug|Any CPU.ActiveCfg = Debug|Any CPU
		{0DBD613F-F7D9-4A1A-9949-B675E50E754C}.Debug|Any CPU.Build.0 = Debug|Any CPU
		{0DBD613F-F7D9-4A1A-9949-B675E50E754C}.Release|Any CPU.ActiveCfg = Release|Any CPU
		{0DBD613F-F7D9-4A1A-9949-B675E50E754C}.Release|Any CPU.Build.0 = Release|Any CPU
		{02BBA98F-6ABA-45C9-A32F-3C07F938CF98}.Debug|Any CPU.ActiveCfg = Debug|Any CPU
		{02BBA98F-6ABA-45C9-A32F-3C07F938CF98}.Debug|Any CPU.Build.0 = Debug|Any CPU
		{02BBA98F-6ABA-45C9-A32F-3C07F938CF98}.Release|Any CPU.ActiveCfg = Release|Any CPU
		{02BBA98F-6ABA-45C9-A32F-3C07F938CF98}.Release|Any CPU.Build.0 = Release|Any CPU
		{EB66F982-FCC4-4CBF-A3B2-73D35E972D1B}.Debug|Any CPU.ActiveCfg = Debug|Any CPU
		{EB66F982-FCC4-4CBF-A3B2-73D35E972D1B}.Debug|Any CPU.Build.0 = Debug|Any CPU
		{EB66F982-FCC4-4CBF-A3B2-73D35E972D1B}.Release|Any CPU.ActiveCfg = Release|Any CPU
		{EB66F982-FCC4-4CBF-A3B2-73D35E972D1B}.Release|Any CPU.Build.0 = Release|Any CPU
		{55FA7BC7-8C66-4FE6-9DAB-E897992DA8FA}.Debug|Any CPU.ActiveCfg = Debug|Any CPU
		{55FA7BC7-8C66-4FE6-9DAB-E897992DA8FA}.Debug|Any CPU.Build.0 = Debug|Any CPU
		{55FA7BC7-8C66-4FE6-9DAB-E897992DA8FA}.Release|Any CPU.ActiveCfg = Release|Any CPU
		{55FA7BC7-8C66-4FE6-9DAB-E897992DA8FA}.Release|Any CPU.Build.0 = Release|Any CPU
		{677A18AC-0262-45FC-98F4-23BE0A389032}.Debug|Any CPU.ActiveCfg = Debug|Any CPU
		{677A18AC-0262-45FC-98F4-23BE0A389032}.Debug|Any CPU.Build.0 = Debug|Any CPU
		{677A18AC-0262-45FC-98F4-23BE0A389032}.Release|Any CPU.ActiveCfg = Release|Any CPU
		{677A18AC-0262-45FC-98F4-23BE0A389032}.Release|Any CPU.Build.0 = Release|Any CPU
		{90834E31-B24C-4EAB-AD1C-5EDCC8D6A534}.Debug|Any CPU.ActiveCfg = Debug|Any CPU
		{90834E31-B24C-4EAB-AD1C-5EDCC8D6A534}.Debug|Any CPU.Build.0 = Debug|Any CPU
		{90834E31-B24C-4EAB-AD1C-5EDCC8D6A534}.Release|Any CPU.ActiveCfg = Release|Any CPU
		{90834E31-B24C-4EAB-AD1C-5EDCC8D6A534}.Release|Any CPU.Build.0 = Release|Any CPU
	EndGlobalSection
	GlobalSection(SolutionProperties) = preSolution
		HideSolutionNode = FALSE
	EndGlobalSection
	GlobalSection(ExtensibilityGlobals) = postSolution
		SolutionGuid = {047012AA-F829-4B83-8F5B-5AC0C83B81AA}
	EndGlobalSection
EndGlobal
