
Microsoft Visual Studio Solution File, Format Version 12.00
# Visual Studio Version 17
VisualStudioVersion = 17.1.32228.430
MinimumVisualStudioVersion = 10.0.40219.1
Project("{9A19103F-16F7-4668-BE54-9A1E7A4F7556}") = "FirstSamples", "FirstSamples\FirstSamples.csproj", "{8D5FE038-92BA-4CCC-B11F-21A4A45E9FF1}"
EndProject
Project("{9A19103F-16F7-4668-BE54-9A1E7A4F7556}") = "RoundTrip", "RoundTrip\RoundTrip.csproj", "{2CFA5CED-08E3-4762-85C4-B4F7873FBA22}"
EndProject
Global
	GlobalSection(SolutionConfigurationPlatforms) = preSolution
		Debug|Any CPU = Debug|Any CPU
		Release|Any CPU = Release|Any CPU
	EndGlobalSection
	GlobalSection(ProjectConfigurationPlatforms) = postSolution
		{8D5FE038-92BA-4CCC-B11F-21A4A45E9FF1}.Debug|Any CPU.ActiveCfg = Debug|Any CPU
		{8D5FE038-92BA-4CCC-B11F-21A4A45E9FF1}.Debug|Any CPU.Build.0 = Debug|Any CPU
		{8D5FE038-92BA-4CCC-B11F-21A4A45E9FF1}.Release|Any CPU.ActiveCfg = Release|Any CPU
		{8D5FE038-92BA-4CCC-B11F-21A4A45E9FF1}.Release|Any CPU.Build.0 = Release|Any CPU
		{2CFA5CED-08E3-4762-85C4-B4F7873FBA22}.Debug|Any CPU.ActiveCfg = Debug|Any CPU
		{2CFA5CED-08E3-4762-85C4-B4F7873FBA22}.Debug|Any CPU.Build.0 = Debug|Any CPU
		{2CFA5CED-08E3-4762-85C4-B4F7873FBA22}.Release|Any CPU.ActiveCfg = Release|Any CPU
		{2CFA5CED-08E3-4762-85C4-B4F7873FBA22}.Release|Any CPU.Build.0 = Release|Any CPU
	EndGlobalSection
	GlobalSection(SolutionProperties) = preSolution
		HideSolutionNode = FALSE
	EndGlobalSection
	GlobalSection(ExtensibilityGlobals) = postSolution
		SolutionGuid = {4A1DF595-9E4B-4DFC-ADA8-A58C4AB08C17}
	EndGlobalSection
EndGlobal
