
Microsoft Visual Studio Solution File, Format Version 12.00
# Visual Studio Version 17
VisualStudioVersion = 17.1.32228.430
MinimumVisualStudioVersion = 10.0.40219.1
Project("{FAE04EC0-301F-11D3-BF4B-00C04F79EFBC}") = "RenderingWithShapes", "RenderingWithShapes\RenderingWithShapes.csproj", "{C4E1096C-069C-40DE-938B-CB46CB5C3411}"
EndProject
Project("{FAE04EC0-301F-11D3-BF4B-00C04F79EFBC}") = "FunWithTransforms", "FunWithTransforms\FunWithTransforms.csproj", "{C77ED9B3-6FC8-4661-8EFF-3A7B7DB5FE42}"
EndProject
Project("{FAE04EC0-301F-11D3-BF4B-00C04F79EFBC}") = "RenderingWithVisuals", "RenderingWithVisuals\RenderingWithVisuals.csproj", "{2827D51A-1FB1-450E-88BF-B4AFFEB9A8B7}"
EndProject
Global
	GlobalSection(SolutionConfigurationPlatforms) = preSolution
		Debug|Any CPU = Debug|Any CPU
		Release|Any CPU = Release|Any CPU
	EndGlobalSection
	GlobalSection(ProjectConfigurationPlatforms) = postSolution
		{C4E1096C-069C-40DE-938B-CB46CB5C3411}.Debug|Any CPU.ActiveCfg = Debug|Any CPU
		{C4E1096C-069C-40DE-938B-CB46CB5C3411}.Debug|Any CPU.Build.0 = Debug|Any CPU
		{C4E1096C-069C-40DE-938B-CB46CB5C3411}.Release|Any CPU.ActiveCfg = Release|Any CPU
		{C4E1096C-069C-40DE-938B-CB46CB5C3411}.Release|Any CPU.Build.0 = Release|Any CPU
		{C77ED9B3-6FC8-4661-8EFF-3A7B7DB5FE42}.Debug|Any CPU.ActiveCfg = Debug|Any CPU
		{C77ED9B3-6FC8-4661-8EFF-3A7B7DB5FE42}.Debug|Any CPU.Build.0 = Debug|Any CPU
		{C77ED9B3-6FC8-4661-8EFF-3A7B7DB5FE42}.Release|Any CPU.ActiveCfg = Release|Any CPU
		{C77ED9B3-6FC8-4661-8EFF-3A7B7DB5FE42}.Release|Any CPU.Build.0 = Release|Any CPU
		{2827D51A-1FB1-450E-88BF-B4AFFEB9A8B7}.Debug|Any CPU.ActiveCfg = Debug|Any CPU
		{2827D51A-1FB1-450E-88BF-B4AFFEB9A8B7}.Debug|Any CPU.Build.0 = Debug|Any CPU
		{2827D51A-1FB1-450E-88BF-B4AFFEB9A8B7}.Release|Any CPU.ActiveCfg = Release|Any CPU
		{2827D51A-1FB1-450E-88BF-B4AFFEB9A8B7}.Release|Any CPU.Build.0 = Release|Any CPU
	EndGlobalSection
	GlobalSection(SolutionProperties) = preSolution
		HideSolutionNode = FALSE
	EndGlobalSection
	GlobalSection(ExtensibilityGlobals) = postSolution
		SolutionGuid = {0F74AE03-E08B-4BCD-B727-F0CF0DFC1981}
	EndGlobalSection
EndGlobal
