
Microsoft Visual Studio Solution File, Format Version 12.00
# Visual Studio Version 16
VisualStudioVersion = 16.0.31911.196
MinimumVisualStudioVersion = 10.0.40219.1
Project("{9A19103F-16F7-4668-BE54-9A1E7A4F7556}") = "BasicInheritance", "BasicInheritance\BasicInheritance.csproj", "{CEC8EE05-7E7A-4D58-82CC-8D08C43F6F4D}"
EndProject
Project("{9A19103F-16F7-4668-BE54-9A1E7A4F7556}") = "Employees", "Employees\Employees.csproj", "{14C5BB80-83DA-4416-AF23-4BB8BBA83535}"
EndProject
Project("{9A19103F-16F7-4668-BE54-9A1E7A4F7556}") = "RecordInheritance", "RecordInheritance\RecordInheritance.csproj", "{5EB332C0-E273-49DC-B56F-97A92ED014A9}"
EndProject
Project("{9A19103F-16F7-4668-BE54-9A1E7A4F7556}") = "Shapes", "Shapes\Shapes.csproj", "{EB9BEADA-EC61-4696-8007-74D8CA4BF4B9}"
EndProject
Project("{FAE04EC0-301F-11D3-BF4B-00C04F79EFBC}") = "ObjectOverrides", "ObjectOverrides\ObjectOverrides.csproj", "{93177FEA-A398-4818-9F8E-DDA7C57AED4F}"
EndProject
Global
	GlobalSection(SolutionConfigurationPlatforms) = preSolution
		Debug|Any CPU = Debug|Any CPU
		Release|Any CPU = Release|Any CPU
	EndGlobalSection
	GlobalSection(ProjectConfigurationPlatforms) = postSolution
		{CEC8EE05-7E7A-4D58-82CC-8D08C43F6F4D}.Debug|Any CPU.ActiveCfg = Debug|Any CPU
		{CEC8EE05-7E7A-4D58-82CC-8D08C43F6F4D}.Debug|Any CPU.Build.0 = Debug|Any CPU
		{CEC8EE05-7E7A-4D58-82CC-8D08C43F6F4D}.Release|Any CPU.ActiveCfg = Release|Any CPU
		{CEC8EE05-7E7A-4D58-82CC-8D08C43F6F4D}.Release|Any CPU.Build.0 = Release|Any CPU
		{14C5BB80-83DA-4416-AF23-4BB8BBA83535}.Debug|Any CPU.ActiveCfg = Debug|Any CPU
		{14C5BB80-83DA-4416-AF23-4BB8BBA83535}.Debug|Any CPU.Build.0 = Debug|Any CPU
		{14C5BB80-83DA-4416-AF23-4BB8BBA83535}.Release|Any CPU.ActiveCfg = Release|Any CPU
		{14C5BB80-83DA-4416-AF23-4BB8BBA83535}.Release|Any CPU.Build.0 = Release|Any CPU
		{5EB332C0-E273-49DC-B56F-97A92ED014A9}.Debug|Any CPU.ActiveCfg = Debug|Any CPU
		{5EB332C0-E273-49DC-B56F-97A92ED014A9}.Debug|Any CPU.Build.0 = Debug|Any CPU
		{5EB332C0-E273-49DC-B56F-97A92ED014A9}.Release|Any CPU.ActiveCfg = Release|Any CPU
		{5EB332C0-E273-49DC-B56F-97A92ED014A9}.Release|Any CPU.Build.0 = Release|Any CPU
		{EB9BEADA-EC61-4696-8007-74D8CA4BF4B9}.Debug|Any CPU.ActiveCfg = Debug|Any CPU
		{EB9BEADA-EC61-4696-8007-74D8CA4BF4B9}.Debug|Any CPU.Build.0 = Debug|Any CPU
		{EB9BEADA-EC61-4696-8007-74D8CA4BF4B9}.Release|Any CPU.ActiveCfg = Release|Any CPU
		{EB9BEADA-EC61-4696-8007-74D8CA4BF4B9}.Release|Any CPU.Build.0 = Release|Any CPU
		{93177FEA-A398-4818-9F8E-DDA7C57AED4F}.Debug|Any CPU.ActiveCfg = Debug|Any CPU
		{93177FEA-A398-4818-9F8E-DDA7C57AED4F}.Debug|Any CPU.Build.0 = Debug|Any CPU
		{93177FEA-A398-4818-9F8E-DDA7C57AED4F}.Release|Any CPU.ActiveCfg = Release|Any CPU
		{93177FEA-A398-4818-9F8E-DDA7C57AED4F}.Release|Any CPU.Build.0 = Release|Any CPU
	EndGlobalSection
	GlobalSection(SolutionProperties) = preSolution
		HideSolutionNode = FALSE
	EndGlobalSection
	GlobalSection(ExtensibilityGlobals) = postSolution
		SolutionGuid = {4B13A930-6614-49A9-AD86-86DEF7567595}
	EndGlobalSection
EndGlobal
